
Microsoft Visual Studio Solution File, Format Version 12.00
# Visual Studio Version 17
VisualStudioVersion = 17.0.31903.59
MinimumVisualStudioVersion = 10.0.40219.1
Project("{FAE04EC0-301F-11D3-BF4B-00C04F79EFBC}") = "Identity.Api", "Identity.Api\Identity.Api.csproj", "{82B9C81A-5850-487D-A406-F1DCAAFF03BE}"
EndProject
Project("{FAE04EC0-301F-11D3-BF4B-00C04F79EFBC}") = "Identity.Service", "Identity.Service\Identity.Service.csproj", "{8D74043D-9448-4695-8237-DB8F85FF5F26}"
EndProject
Project("{FAE04EC0-301F-11D3-BF4B-00C04F79EFBC}") = "SampleClient", "SampleClient\SampleClient.csproj", "{AA76DF69-9F58-4037-BF53-8885B72AFD81}"
EndProject
Global
	GlobalSection(SolutionConfigurationPlatforms) = preSolution
		Debug|Any CPU = Debug|Any CPU
		Release|Any CPU = Release|Any CPU
	EndGlobalSection
	GlobalSection(SolutionProperties) = preSolution
		HideSolutionNode = FALSE
	EndGlobalSection
	GlobalSection(ProjectConfigurationPlatforms) = postSolution
		{82B9C81A-5850-487D-A406-F1DCAAFF03BE}.Debug|Any CPU.ActiveCfg = Debug|Any CPU
		{82B9C81A-5850-487D-A406-F1DCAAFF03BE}.Debug|Any CPU.Build.0 = Debug|Any CPU
		{82B9C81A-5850-487D-A406-F1DCAAFF03BE}.Release|Any CPU.ActiveCfg = Release|Any CPU
		{82B9C81A-5850-487D-A406-F1DCAAFF03BE}.Release|Any CPU.Build.0 = Release|Any CPU
		{8D74043D-9448-4695-8237-DB8F85FF5F26}.Debug|Any CPU.ActiveCfg = Debug|Any CPU
		{8D74043D-9448-4695-8237-DB8F85FF5F26}.Debug|Any CPU.Build.0 = Debug|Any CPU
		{8D74043D-9448-4695-8237-DB8F85FF5F26}.Release|Any CPU.ActiveCfg = Release|Any CPU
		{8D74043D-9448-4695-8237-DB8F85FF5F26}.Release|Any CPU.Build.0 = Release|Any CPU
		{AA76DF69-9F58-4037-BF53-8885B72AFD81}.Debug|Any CPU.ActiveCfg = Debug|Any CPU
		{AA76DF69-9F58-4037-BF53-8885B72AFD81}.Debug|Any CPU.Build.0 = Debug|Any CPU
		{AA76DF69-9F58-4037-BF53-8885B72AFD81}.Release|Any CPU.ActiveCfg = Release|Any CPU
		{AA76DF69-9F58-4037-BF53-8885B72AFD81}.Release|Any CPU.Build.0 = Release|Any CPU
	EndGlobalSection
EndGlobal
